
Microsoft Visual Studio Solution File, Format Version 12.00
# Visual Studio Version 16
VisualStudioVersion = 16.0.29613.14
MinimumVisualStudioVersion = 10.0.40219.1
Project("{FAE04EC0-301F-11D3-BF4B-00C04F79EFBC}") = "HenhoOnline", "HenhoOnline\HenhoOnline.csproj", "{D4F529B4-D321-4590-946C-F9D21B871987}"
EndProject
Global
	GlobalSection(SolutionConfigurationPlatforms) = preSolution
		Debug|Any CPU = Debug|Any CPU
		Release|Any CPU = Release|Any CPU
	EndGlobalSection
	GlobalSection(ProjectConfigurationPlatforms) = postSolution
		{D4F529B4-D321-4590-946C-F9D21B871987}.Debug|Any CPU.ActiveCfg = Debug|Any CPU
		{D4F529B4-D321-4590-946C-F9D21B871987}.Debug|Any CPU.Build.0 = Debug|Any CPU
		{D4F529B4-D321-4590-946C-F9D21B871987}.Release|Any CPU.ActiveCfg = Release|Any CPU
		{D4F529B4-D321-4590-946C-F9D21B871987}.Release|Any CPU.Build.0 = Release|Any CPU
	EndGlobalSection
	GlobalSection(SolutionProperties) = preSolution
		HideSolutionNode = FALSE
	EndGlobalSection
	GlobalSection(ExtensibilityGlobals) = postSolution
		SolutionGuid = {8F217B7A-36EF-40C3-A7F0-FA11CB523D43}
	EndGlobalSection
EndGlobal
